
Microsoft Visual Studio Solution File, Format Version 12.00
# Visual Studio Version 17
VisualStudioVersion = 17.2.32616.157
MinimumVisualStudioVersion = 10.0.40219.1
Project("{FAE04EC0-301F-11D3-BF4B-00C04F79EFBC}") = "ZuydSpeelt", "ZuydSpeelt\ZuydSpeelt.csproj", "{A8B6107F-95F9-4275-A4B3-6B2923761AED}"
EndProject
Global
	GlobalSection(SolutionConfigurationPlatforms) = preSolution
		Debug|Any CPU = Debug|Any CPU
		Release|Any CPU = Release|Any CPU
	EndGlobalSection
	GlobalSection(ProjectConfigurationPlatforms) = postSolution
		{A8B6107F-95F9-4275-A4B3-6B2923761AED}.Debug|Any CPU.ActiveCfg = Debug|Any CPU
		{A8B6107F-95F9-4275-A4B3-6B2923761AED}.Debug|Any CPU.Build.0 = Debug|Any CPU
		{A8B6107F-95F9-4275-A4B3-6B2923761AED}.Release|Any CPU.ActiveCfg = Release|Any CPU
		{A8B6107F-95F9-4275-A4B3-6B2923761AED}.Release|Any CPU.Build.0 = Release|Any CPU
	EndGlobalSection
	GlobalSection(SolutionProperties) = preSolution
		HideSolutionNode = FALSE
	EndGlobalSection
	GlobalSection(ExtensibilityGlobals) = postSolution
		SolutionGuid = {5524F016-7B3B-4039-80EB-A730727DCEC7}
	EndGlobalSection
EndGlobal
